
Microsoft Visual Studio Solution File, Format Version 12.00
# Visual Studio Version 17
VisualStudioVersion = 17.5.33530.505
MinimumVisualStudioVersion = 10.0.40219.1
Project("{FAE04EC0-301F-11D3-BF4B-00C04F79EFBC}") = "Bank_Presentation_Layer_Consol_App", "Bank_Presentation_Layer_Consol_App\Bank_Presentation_Layer_Consol_App.csproj", "{624472AE-16CE-4619-B2A7-E4DC20510468}"
EndProject
Project("{FAE04EC0-301F-11D3-BF4B-00C04F79EFBC}") = "Bank_Business_Layer", "Bank_Business_Layer\Bank_Business_Layer.csproj", "{E1CBE111-6A39-4212-90C3-6CCE7F771C17}"
EndProject
Project("{FAE04EC0-301F-11D3-BF4B-00C04F79EFBC}") = "Bank_Data_Layer", "Bank_Data_Layer\Bank_Data_Layer.csproj", "{733AA105-AB2B-4821-BF3A-7D9090F75352}"
EndProject
Project("{9A19103F-16F7-4668-BE54-9A1E7A4F7556}") = "Bank_Presentation_Layer_Web_App", "Bank_Presentation_Layer_Web_App\Bank_Presentation_Layer_Web_App.csproj", "{663B412E-4216-4DE7-91A2-1EEFF877E91F}"
EndProject
Project("{9A19103F-16F7-4668-BE54-9A1E7A4F7556}") = "Bank_Presentation_Layer_User_Windows_App", "Bank_Presentation_Layer_User_Windows_App\Bank_Presentation_Layer_User_Windows_App.csproj", "{FE072186-D1D6-488A-9A47-08F886FF1B71}"
EndProject
Project("{FAE04EC0-301F-11D3-BF4B-00C04F79EFBC}") = "Bank_Presentation_Layer_Client_Windows_App", "Bank_Presentation_Layer_Client_Windows_App\Bank_Presentation_Layer_Client_Windows_App.csproj", "{2B9599C1-1A82-4731-90B6-489F2CB6A5A1}"
EndProject
Global
	GlobalSection(SolutionConfigurationPlatforms) = preSolution
		Debug|Any CPU = Debug|Any CPU
		Release|Any CPU = Release|Any CPU
	EndGlobalSection
	GlobalSection(ProjectConfigurationPlatforms) = postSolution
		{624472AE-16CE-4619-B2A7-E4DC20510468}.Debug|Any CPU.ActiveCfg = Debug|Any CPU
		{624472AE-16CE-4619-B2A7-E4DC20510468}.Debug|Any CPU.Build.0 = Debug|Any CPU
		{624472AE-16CE-4619-B2A7-E4DC20510468}.Release|Any CPU.ActiveCfg = Release|Any CPU
		{624472AE-16CE-4619-B2A7-E4DC20510468}.Release|Any CPU.Build.0 = Release|Any CPU
		{E1CBE111-6A39-4212-90C3-6CCE7F771C17}.Debug|Any CPU.ActiveCfg = Debug|Any CPU
		{E1CBE111-6A39-4212-90C3-6CCE7F771C17}.Debug|Any CPU.Build.0 = Debug|Any CPU
		{E1CBE111-6A39-4212-90C3-6CCE7F771C17}.Release|Any CPU.ActiveCfg = Release|Any CPU
		{E1CBE111-6A39-4212-90C3-6CCE7F771C17}.Release|Any CPU.Build.0 = Release|Any CPU
		{733AA105-AB2B-4821-BF3A-7D9090F75352}.Debug|Any CPU.ActiveCfg = Debug|Any CPU
		{733AA105-AB2B-4821-BF3A-7D9090F75352}.Debug|Any CPU.Build.0 = Debug|Any CPU
		{733AA105-AB2B-4821-BF3A-7D9090F75352}.Release|Any CPU.ActiveCfg = Release|Any CPU
		{733AA105-AB2B-4821-BF3A-7D9090F75352}.Release|Any CPU.Build.0 = Release|Any CPU
		{663B412E-4216-4DE7-91A2-1EEFF877E91F}.Debug|Any CPU.ActiveCfg = Debug|Any CPU
		{663B412E-4216-4DE7-91A2-1EEFF877E91F}.Debug|Any CPU.Build.0 = Debug|Any CPU
		{663B412E-4216-4DE7-91A2-1EEFF877E91F}.Release|Any CPU.ActiveCfg = Release|Any CPU
		{663B412E-4216-4DE7-91A2-1EEFF877E91F}.Release|Any CPU.Build.0 = Release|Any CPU
		{FE072186-D1D6-488A-9A47-08F886FF1B71}.Debug|Any CPU.ActiveCfg = Debug|Any CPU
		{FE072186-D1D6-488A-9A47-08F886FF1B71}.Debug|Any CPU.Build.0 = Debug|Any CPU
		{FE072186-D1D6-488A-9A47-08F886FF1B71}.Release|Any CPU.ActiveCfg = Release|Any CPU
		{FE072186-D1D6-488A-9A47-08F886FF1B71}.Release|Any CPU.Build.0 = Release|Any CPU
		{2B9599C1-1A82-4731-90B6-489F2CB6A5A1}.Debug|Any CPU.ActiveCfg = Debug|Any CPU
		{2B9599C1-1A82-4731-90B6-489F2CB6A5A1}.Debug|Any CPU.Build.0 = Debug|Any CPU
		{2B9599C1-1A82-4731-90B6-489F2CB6A5A1}.Release|Any CPU.ActiveCfg = Release|Any CPU
		{2B9599C1-1A82-4731-90B6-489F2CB6A5A1}.Release|Any CPU.Build.0 = Release|Any CPU
	EndGlobalSection
	GlobalSection(SolutionProperties) = preSolution
		HideSolutionNode = FALSE
	EndGlobalSection
	GlobalSection(ExtensibilityGlobals) = postSolution
		SolutionGuid = {AE991DCD-8DDF-44C5-996B-8C99C02B8CA6}
	EndGlobalSection
EndGlobal
